
Microsoft Visual Studio Solution File, Format Version 12.00
# Visual Studio Version 17
VisualStudioVersion = 17.4.33110.190
MinimumVisualStudioVersion = 10.0.40219.1
Project("{9A19103F-16F7-4668-BE54-9A1E7A4F7556}") = "TaskManager", "TaskManager\TaskManager.csproj", "{C78560BC-1BAC-4D21-A2DC-791B1D205F3F}"
EndProject
Project("{9A19103F-16F7-4668-BE54-9A1E7A4F7556}") = "TaskManager.UnitTests", "TaskManager.UnitTests\TaskManager.UnitTests.csproj", "{9EE28C80-824F-4C99-A18F-6E1BBDD1FB80}"
EndProject
Global
	GlobalSection(SolutionConfigurationPlatforms) = preSolution
		Debug|Any CPU = Debug|Any CPU
		Release|Any CPU = Release|Any CPU
	EndGlobalSection
	GlobalSection(ProjectConfigurationPlatforms) = postSolution
		{C78560BC-1BAC-4D21-A2DC-791B1D205F3F}.Debug|Any CPU.ActiveCfg = Debug|Any CPU
		{C78560BC-1BAC-4D21-A2DC-791B1D205F3F}.Debug|Any CPU.Build.0 = Debug|Any CPU
		{C78560BC-1BAC-4D21-A2DC-791B1D205F3F}.Release|Any CPU.ActiveCfg = Release|Any CPU
		{C78560BC-1BAC-4D21-A2DC-791B1D205F3F}.Release|Any CPU.Build.0 = Release|Any CPU
		{9EE28C80-824F-4C99-A18F-6E1BBDD1FB80}.Debug|Any CPU.ActiveCfg = Debug|Any CPU
		{9EE28C80-824F-4C99-A18F-6E1BBDD1FB80}.Debug|Any CPU.Build.0 = Debug|Any CPU
		{9EE28C80-824F-4C99-A18F-6E1BBDD1FB80}.Release|Any CPU.ActiveCfg = Release|Any CPU
		{9EE28C80-824F-4C99-A18F-6E1BBDD1FB80}.Release|Any CPU.Build.0 = Release|Any CPU
	EndGlobalSection
	GlobalSection(SolutionProperties) = preSolution
		HideSolutionNode = FALSE
	EndGlobalSection
	GlobalSection(ExtensibilityGlobals) = postSolution
		SolutionGuid = {762AD0A7-3D6B-4BB1-B372-9A332BEBE03C}
	EndGlobalSection
EndGlobal
